
Microsoft Visual Studio Solution File, Format Version 12.00
# Visual Studio Version 17
VisualStudioVersion = 17.0.31919.166
MinimumVisualStudioVersion = 10.0.40219.1
Project("{FAE04EC0-301F-11D3-BF4B-00C04F79EFBC}") = "NetAssemblyProject", "NetAssemblyProject\NetAssemblyProject.csproj", "{423CCD42-D195-4DAD-9FCF-891EB417A20D}"
EndProject
Global
	GlobalSection(SolutionConfigurationPlatforms) = preSolution
		Debug|Any CPU = Debug|Any CPU
		Release|Any CPU = Release|Any CPU
	EndGlobalSection
	GlobalSection(ProjectConfigurationPlatforms) = postSolution
		{423CCD42-D195-4DAD-9FCF-891EB417A20D}.Debug|Any CPU.ActiveCfg = Debug|Any CPU
		{423CCD42-D195-4DAD-9FCF-891EB417A20D}.Debug|Any CPU.Build.0 = Debug|Any CPU
		{423CCD42-D195-4DAD-9FCF-891EB417A20D}.Release|Any CPU.ActiveCfg = Release|Any CPU
		{423CCD42-D195-4DAD-9FCF-891EB417A20D}.Release|Any CPU.Build.0 = Release|Any CPU
	EndGlobalSection
	GlobalSection(SolutionProperties) = preSolution
		HideSolutionNode = FALSE
	EndGlobalSection
	GlobalSection(ExtensibilityGlobals) = postSolution
		SolutionGuid = {B477110B-11AF-4F89-B4C0-C9993776EC5E}
	EndGlobalSection
EndGlobal
